# This file is autogenerated, do not edit; changes may be undone by the next 'dep ensure'.


[[projects]]
  name = "github.com/gofrs/uuid"
  packages = ["."]
  revision = "c52a24014454cb81a53adfe807a68f6a20b49d74"
  version = "v3.0.0"

[solve-meta]
  analyzer-name = "dep"
  analyzer-version = 1
  inputs-digest = "c5a24aa1c2efbff1df9d264ceb0a7a218d508120b0a6388d05a7c0380ec8233e"
  solver-name = "gps-cdcl"
  solver-version = 1
